
Microsoft Visual Studio Solution File, Format Version 12.00
# Visual Studio 15
VisualStudioVersion = 15.0.28307.1169
MinimumVisualStudioVersion = 10.0.40219.1
Project("{FAE04EC0-301F-11D3-BF4B-00C04F79EFBC}") = "Make Post", "Make Post\Make Post.csproj", "{22BA5517-3CDB-47F4-BF5E-E8E8E7EE4B9C}"
EndProject
Global
	GlobalSection(SolutionConfigurationPlatforms) = preSolution
		Debug|Any CPU = Debug|Any CPU
		Release|Any CPU = Release|Any CPU
	EndGlobalSection
	GlobalSection(ProjectConfigurationPlatforms) = postSolution
		{22BA5517-3CDB-47F4-BF5E-E8E8E7EE4B9C}.Debug|Any CPU.ActiveCfg = Debug|Any CPU
		{22BA5517-3CDB-47F4-BF5E-E8E8E7EE4B9C}.Debug|Any CPU.Build.0 = Debug|Any CPU
		{22BA5517-3CDB-47F4-BF5E-E8E8E7EE4B9C}.Release|Any CPU.ActiveCfg = Release|Any CPU
		{22BA5517-3CDB-47F4-BF5E-E8E8E7EE4B9C}.Release|Any CPU.Build.0 = Release|Any CPU
	EndGlobalSection
	GlobalSection(SolutionProperties) = preSolution
		HideSolutionNode = FALSE
	EndGlobalSection
	GlobalSection(ExtensibilityGlobals) = postSolution
		SolutionGuid = {9D36A972-0837-47B5-AC04-19B17A9E4BB5}
	EndGlobalSection
EndGlobal
